
Microsoft Visual Studio Solution File, Format Version 12.00
# Visual Studio Version 17
VisualStudioVersion = 17.11.35327.3
MinimumVisualStudioVersion = 10.0.40219.1
Project("{FAE04EC0-301F-11D3-BF4B-00C04F79EFBC}") = "ResumeBlazor", "ResumeBlazor.csproj", "{FFB81DCF-D4A1-475C-BEED-0CE9E5EB4524}"
EndProject
Global
	GlobalSection(SolutionConfigurationPlatforms) = preSolution
		Debug|Any CPU = Debug|Any CPU
		Release|Any CPU = Release|Any CPU
	EndGlobalSection
	GlobalSection(ProjectConfigurationPlatforms) = postSolution
		{FFB81DCF-D4A1-475C-BEED-0CE9E5EB4524}.Debug|Any CPU.ActiveCfg = Debug|Any CPU
		{FFB81DCF-D4A1-475C-BEED-0CE9E5EB4524}.Debug|Any CPU.Build.0 = Debug|Any CPU
		{FFB81DCF-D4A1-475C-BEED-0CE9E5EB4524}.Release|Any CPU.ActiveCfg = Release|Any CPU
		{FFB81DCF-D4A1-475C-BEED-0CE9E5EB4524}.Release|Any CPU.Build.0 = Release|Any CPU
	EndGlobalSection
	GlobalSection(SolutionProperties) = preSolution
		HideSolutionNode = FALSE
	EndGlobalSection
	GlobalSection(ExtensibilityGlobals) = postSolution
		SolutionGuid = {DB8B2779-FC06-4CAB-B99D-117845A63A17}
	EndGlobalSection
EndGlobal
